
Microsoft Visual Studio Solution File, Format Version 12.00
# Visual Studio 15
VisualStudioVersion = 15.0.28010.2041
MinimumVisualStudioVersion = 10.0.40219.1
Project("{FAE04EC0-301F-11D3-BF4B-00C04F79EFBC}") = "AcercaTest", "AcercaTest\AcercaTest.csproj", "{64006597-D2B2-4D6D-AEC5-474ABA513529}"
EndProject
Project("{FAE04EC0-301F-11D3-BF4B-00C04F79EFBC}") = "AcercaTest.Services", "AcercaTest.Services\AcercaTest.Services.csproj", "{30AFD04D-2FC6-4367-80A8-6537B1FB3E64}"
EndProject
Global
	GlobalSection(SolutionConfigurationPlatforms) = preSolution
		Debug|Any CPU = Debug|Any CPU
		Release|Any CPU = Release|Any CPU
	EndGlobalSection
	GlobalSection(ProjectConfigurationPlatforms) = postSolution
		{64006597-D2B2-4D6D-AEC5-474ABA513529}.Debug|Any CPU.ActiveCfg = Debug|Any CPU
		{64006597-D2B2-4D6D-AEC5-474ABA513529}.Debug|Any CPU.Build.0 = Debug|Any CPU
		{64006597-D2B2-4D6D-AEC5-474ABA513529}.Release|Any CPU.ActiveCfg = Release|Any CPU
		{64006597-D2B2-4D6D-AEC5-474ABA513529}.Release|Any CPU.Build.0 = Release|Any CPU
		{30AFD04D-2FC6-4367-80A8-6537B1FB3E64}.Debug|Any CPU.ActiveCfg = Debug|Any CPU
		{30AFD04D-2FC6-4367-80A8-6537B1FB3E64}.Debug|Any CPU.Build.0 = Debug|Any CPU
		{30AFD04D-2FC6-4367-80A8-6537B1FB3E64}.Release|Any CPU.ActiveCfg = Release|Any CPU
		{30AFD04D-2FC6-4367-80A8-6537B1FB3E64}.Release|Any CPU.Build.0 = Release|Any CPU
	EndGlobalSection
	GlobalSection(SolutionProperties) = preSolution
		HideSolutionNode = FALSE
	EndGlobalSection
	GlobalSection(ExtensibilityGlobals) = postSolution
		SolutionGuid = {AF61A000-5BE4-4DBC-B485-3288A5BF8289}
	EndGlobalSection
EndGlobal
